
Microsoft Visual Studio Solution File, Format Version 12.00
# Visual Studio Version 16
VisualStudioVersion = 16.0.30204.135
MinimumVisualStudioVersion = 10.0.40219.1
Project("{FAE04EC0-301F-11D3-BF4B-00C04F79EFBC}") = "Logyca", "Logyca\Logyca.csproj", "{7ACEB124-C6D9-43B2-B038-52CC21A8D25B}"
EndProject
Project("{FAE04EC0-301F-11D3-BF4B-00C04F79EFBC}") = "BusinessRules", "BusinessRules\BusinessRules.csproj", "{F499096D-10C6-4F37-9622-8169F27B1FCC}"
EndProject
Project("{FAE04EC0-301F-11D3-BF4B-00C04F79EFBC}") = "DAL", "DAL\DAL.csproj", "{77127670-7F0A-49CF-934B-BF1136968087}"
EndProject
Global
	GlobalSection(SolutionConfigurationPlatforms) = preSolution
		Debug|Any CPU = Debug|Any CPU
		Release|Any CPU = Release|Any CPU
	EndGlobalSection
	GlobalSection(ProjectConfigurationPlatforms) = postSolution
		{7ACEB124-C6D9-43B2-B038-52CC21A8D25B}.Debug|Any CPU.ActiveCfg = Debug|Any CPU
		{7ACEB124-C6D9-43B2-B038-52CC21A8D25B}.Debug|Any CPU.Build.0 = Debug|Any CPU
		{7ACEB124-C6D9-43B2-B038-52CC21A8D25B}.Release|Any CPU.ActiveCfg = Release|Any CPU
		{7ACEB124-C6D9-43B2-B038-52CC21A8D25B}.Release|Any CPU.Build.0 = Release|Any CPU
		{F499096D-10C6-4F37-9622-8169F27B1FCC}.Debug|Any CPU.ActiveCfg = Debug|Any CPU
		{F499096D-10C6-4F37-9622-8169F27B1FCC}.Debug|Any CPU.Build.0 = Debug|Any CPU
		{F499096D-10C6-4F37-9622-8169F27B1FCC}.Release|Any CPU.ActiveCfg = Release|Any CPU
		{F499096D-10C6-4F37-9622-8169F27B1FCC}.Release|Any CPU.Build.0 = Release|Any CPU
		{77127670-7F0A-49CF-934B-BF1136968087}.Debug|Any CPU.ActiveCfg = Debug|Any CPU
		{77127670-7F0A-49CF-934B-BF1136968087}.Debug|Any CPU.Build.0 = Debug|Any CPU
		{77127670-7F0A-49CF-934B-BF1136968087}.Release|Any CPU.ActiveCfg = Release|Any CPU
		{77127670-7F0A-49CF-934B-BF1136968087}.Release|Any CPU.Build.0 = Release|Any CPU
	EndGlobalSection
	GlobalSection(SolutionProperties) = preSolution
		HideSolutionNode = FALSE
	EndGlobalSection
	GlobalSection(ExtensibilityGlobals) = postSolution
		SolutionGuid = {3B4AEF0B-5B91-4020-A130-E048A6C71183}
	EndGlobalSection
EndGlobal
